// !$*UTF8*$!
{
	archiveVersion = 1;
	classes = {
	};
	objectVersion = 50;
	objects = {

/* Begin PBXBuildFile section */
		6303240523C4CBBA0041566D /* APIController.swift in Sources */ = {isa = PBXBuildFile; fileRef = 6303240423C4CBBA0041566D /* APIController.swift */; };
		6303240723C4D4840041566D /* Bearer.swift in Sources */ = {isa = PBXBuildFile; fileRef = 6303240623C4D4840041566D /* Bearer.swift */; };
		63187D7523C5287F00871F74 /* MyAccountStoryboard.storyboard in Resources */ = {isa = PBXBuildFile; fileRef = 63187D7423C5287F00871F74 /* MyAccountStoryboard.storyboard */; };
		63187D7723C52C6400871F74 /* MyAccountViewController.swift in Sources */ = {isa = PBXBuildFile; fileRef = 63187D7623C52C6400871F74 /* MyAccountViewController.swift */; };
		63187D7A23C52D9400871F74 /* Constants.swift in Sources */ = {isa = PBXBuildFile; fileRef = 63187D7923C52D9400871F74 /* Constants.swift */; };
		633524FE23C633590088B8C9 /* CurrentTruckLocationRepresentation.swift in Sources */ = {isa = PBXBuildFile; fileRef = 633524FD23C633590088B8C9 /* CurrentTruckLocationRepresentation.swift */; };
		6335250023C633E90088B8C9 /* FavoriteTruckRepresentation.swift in Sources */ = {isa = PBXBuildFile; fileRef = 633524FF23C633E90088B8C9 /* FavoriteTruckRepresentation.swift */; };
		6335250223C634420088B8C9 /* TruckRatingRepresentation.swift in Sources */ = {isa = PBXBuildFile; fileRef = 6335250123C634420088B8C9 /* TruckRatingRepresentation.swift */; };
		6335250423C6350F0088B8C9 /* MeunItemRepresentation.swift in Sources */ = {isa = PBXBuildFile; fileRef = 6335250323C6350F0088B8C9 /* MeunItemRepresentation.swift */; };
		6335250523C64DF80088B8C9 /* RegisterLoginViewController.swift in Sources */ = {isa = PBXBuildFile; fileRef = DDD5E28D23C3CA33005CCD64 /* RegisterLoginViewController.swift */; };
		6335250723C656740088B8C9 /* SearchByGenreViewController.swift in Sources */ = {isa = PBXBuildFile; fileRef = 6335250623C656740088B8C9 /* SearchByGenreViewController.swift */; };
		6335250923C65D480088B8C9 /* GenreTableViewCell.swift in Sources */ = {isa = PBXBuildFile; fileRef = 6335250823C65D480088B8C9 /* GenreTableViewCell.swift */; };
		633771F423C791840025E4AC /* SearchTrucksTableViewController.swift in Sources */ = {isa = PBXBuildFile; fileRef = 633771F323C791840025E4AC /* SearchTrucksTableViewController.swift */; };
		633771F623C797760025E4AC /* SearchTrucksTableViewCell.swift in Sources */ = {isa = PBXBuildFile; fileRef = 633771F523C797760025E4AC /* SearchTrucksTableViewCell.swift */; };
		633771F823C7A0FD0025E4AC /* FavoriteTruck+Convenience.swift in Sources */ = {isa = PBXBuildFile; fileRef = 633771F723C7A0FD0025E4AC /* FavoriteTruck+Convenience.swift */; };
		633771FA23C7A46F0025E4AC /* FavoritesTableViewController.swift in Sources */ = {isa = PBXBuildFile; fileRef = 633771F923C7A46F0025E4AC /* FavoritesTableViewController.swift */; };
		633771FC23C7A7E30025E4AC /* FavoritesTableViewCell.swift in Sources */ = {isa = PBXBuildFile; fileRef = 633771FB23C7A7E30025E4AC /* FavoritesTableViewCell.swift */; };
		6375044523C6E1DD00AF94CC /* TruckRepresentation.swift in Sources */ = {isa = PBXBuildFile; fileRef = 6375044423C6E1DD00AF94CC /* TruckRepresentation.swift */; };
		63A3574A23C6666C00EBD0ED /* StaticTableViewController.swift in Sources */ = {isa = PBXBuildFile; fileRef = 63A3574923C6666C00EBD0ED /* StaticTableViewController.swift */; };
		63A3574C23C6715900EBD0ED /* SplashScreenViewController.swift in Sources */ = {isa = PBXBuildFile; fileRef = 63A3574B23C6715900EBD0ED /* SplashScreenViewController.swift */; };
		63A3574E23C6A81600EBD0ED /* RoundedButton.swift in Sources */ = {isa = PBXBuildFile; fileRef = 63A3574D23C6A81600EBD0ED /* RoundedButton.swift */; };
		DD51D2D023C54F2F0009C91E /* FoodTruckTableViewCell.swift in Sources */ = {isa = PBXBuildFile; fileRef = DDD5E2DE23C51A80005CCD64 /* FoodTruckTableViewCell.swift */; };
		DD96B22423C623090080A110 /* StartScreen.storyboard in Resources */ = {isa = PBXBuildFile; fileRef = DD96B22623C623090080A110 /* StartScreen.storyboard */; };
		DD96B22823C628C30080A110 /* StartScreenViewController.swift in Sources */ = {isa = PBXBuildFile; fileRef = DD96B22723C628C30080A110 /* StartScreenViewController.swift */; };
		DD96B22A23C62B430080A110 /* AddTruck.storyboard in Resources */ = {isa = PBXBuildFile; fileRef = DD96B22923C62B430080A110 /* AddTruck.storyboard */; };
		DD96B23123C655580080A110 /* CuisineType.swift in Sources */ = {isa = PBXBuildFile; fileRef = DD96B23023C655580080A110 /* CuisineType.swift */; };
		DD96B23323C6678F0080A110 /* CuisinePickerViewController.swift in Sources */ = {isa = PBXBuildFile; fileRef = DD96B23223C6678F0080A110 /* CuisinePickerViewController.swift */; };
		DD96B23523C66C940080A110 /* UIColor extension.swift in Sources */ = {isa = PBXBuildFile; fileRef = DD96B23423C66C940080A110 /* UIColor extension.swift */; };
		DD96B23623C66D150080A110 /* AddTruckViewController.swift in Sources */ = {isa = PBXBuildFile; fileRef = DD96B22B23C64D720080A110 /* AddTruckViewController.swift */; };
		DDD5E28A23C3CA33005CCD64 /* AppDelegate.swift in Sources */ = {isa = PBXBuildFile; fileRef = DDD5E28923C3CA33005CCD64 /* AppDelegate.swift */; };
		DDD5E28C23C3CA33005CCD64 /* SceneDelegate.swift in Sources */ = {isa = PBXBuildFile; fileRef = DDD5E28B23C3CA33005CCD64 /* SceneDelegate.swift */; };
		DDD5E29123C3CA33005CCD64 /* Main.storyboard in Resources */ = {isa = PBXBuildFile; fileRef = DDD5E28F23C3CA33005CCD64 /* Main.storyboard */; };
		DDD5E29423C3CA33005CCD64 /* FoodTruckTracker.xcdatamodeld in Sources */ = {isa = PBXBuildFile; fileRef = DDD5E29223C3CA33005CCD64 /* FoodTruckTracker.xcdatamodeld */; };
		DDD5E29623C3CA37005CCD64 /* Assets.xcassets in Resources */ = {isa = PBXBuildFile; fileRef = DDD5E29523C3CA37005CCD64 /* Assets.xcassets */; };
		DDD5E29923C3CA37005CCD64 /* LaunchScreen.storyboard in Resources */ = {isa = PBXBuildFile; fileRef = DDD5E29723C3CA37005CCD64 /* LaunchScreen.storyboard */; };
		DDD5E2A423C3CA38005CCD64 /* FoodTruckTrackerTests.swift in Sources */ = {isa = PBXBuildFile; fileRef = DDD5E2A323C3CA38005CCD64 /* FoodTruckTrackerTests.swift */; };
		DDD5E2AF23C3CA38005CCD64 /* FoodTruckTrackerUITests.swift in Sources */ = {isa = PBXBuildFile; fileRef = DDD5E2AE23C3CA38005CCD64 /* FoodTruckTrackerUITests.swift */; };
		DDD5E2C123C3CF57005CCD64 /* Default-568h@2x.png in Resources */ = {isa = PBXBuildFile; fileRef = DDD5E2C023C3CF57005CCD64 /* Default-568h@2x.png */; };
		DDD5E2C323C3DCA3005CCD64 /* CoreDataStack.swift in Sources */ = {isa = PBXBuildFile; fileRef = DDD5E2C223C3DCA3005CCD64 /* CoreDataStack.swift */; };
		DDD5E2C523C3DEE9005CCD64 /* LoginAndSignup.storyboard in Resources */ = {isa = PBXBuildFile; fileRef = DDD5E2C423C3DEE9005CCD64 /* LoginAndSignup.storyboard */; };
		DDD5E2CC23C4BCD7005CCD64 /* VendorRepresentation.swift in Sources */ = {isa = PBXBuildFile; fileRef = DDD5E2CB23C4BCD7005CCD64 /* VendorRepresentation.swift */; };
		DDD5E2D023C4BDBB005CCD64 /* ConsumerRepresentation.swift in Sources */ = {isa = PBXBuildFile; fileRef = DDD5E2CF23C4BDBA005CCD64 /* ConsumerRepresentation.swift */; };
		DDD5E2D323C4F103005CCD64 /* Map.storyboard in Resources */ = {isa = PBXBuildFile; fileRef = DDD5E2D223C4F103005CCD64 /* Map.storyboard */; };
		DDD5E2D523C50E5E005CCD64 /* MapViewController.swift in Sources */ = {isa = PBXBuildFile; fileRef = DDD5E2D423C50E5E005CCD64 /* MapViewController.swift */; };
		DDD5E2D823C51342005CCD64 /* VendorController.swift in Sources */ = {isa = PBXBuildFile; fileRef = DDD5E2D723C51342005CCD64 /* VendorController.swift */; };
		DDD5E2DA23C51515005CCD64 /* ConsumerController.swift in Sources */ = {isa = PBXBuildFile; fileRef = DDD5E2D923C51515005CCD64 /* ConsumerController.swift */; };
		DDD5E2DC23C5162B005CCD64 /* TruckController.swift in Sources */ = {isa = PBXBuildFile; fileRef = DDD5E2DB23C5162B005CCD64 /* TruckController.swift */; };
/* End PBXBuildFile section */

/* Begin PBXContainerItemProxy section */
		DDD5E2A023C3CA38005CCD64 /* PBXContainerItemProxy */ = {
			isa = PBXContainerItemProxy;
			containerPortal = DDD5E27E23C3CA32005CCD64 /* Project object */;
			proxyType = 1;
			remoteGlobalIDString = DDD5E28523C3CA33005CCD64;
			remoteInfo = FoodTruckTracker;
		};
		DDD5E2AB23C3CA38005CCD64 /* PBXContainerItemProxy */ = {
			isa = PBXContainerItemProxy;
			containerPortal = DDD5E27E23C3CA32005CCD64 /* Project object */;
			proxyType = 1;
			remoteGlobalIDString = DDD5E28523C3CA33005CCD64;
			remoteInfo = FoodTruckTracker;
		};
/* End PBXContainerItemProxy section */

/* Begin PBXFileReference section */
		6303240423C4CBBA0041566D /* APIController.swift */ = {isa = PBXFileReference; lastKnownFileType = sourcecode.swift; path = APIController.swift; sourceTree = "<group>"; };
		6303240623C4D4840041566D /* Bearer.swift */ = {isa = PBXFileReference; lastKnownFileType = sourcecode.swift; path = Bearer.swift; sourceTree = "<group>"; };
		63187D7423C5287F00871F74 /* MyAccountStoryboard.storyboard */ = {isa = PBXFileReference; lastKnownFileType = file.storyboard; path = MyAccountStoryboard.storyboard; sourceTree = "<group>"; };
		63187D7623C52C6400871F74 /* MyAccountViewController.swift */ = {isa = PBXFileReference; lastKnownFileType = sourcecode.swift; path = MyAccountViewController.swift; sourceTree = "<group>"; };
		63187D7923C52D9400871F74 /* Constants.swift */ = {isa = PBXFileReference; lastKnownFileType = sourcecode.swift; path = Constants.swift; sourceTree = "<group>"; };
		633524FD23C633590088B8C9 /* CurrentTruckLocationRepresentation.swift */ = {isa = PBXFileReference; lastKnownFileType = sourcecode.swift; path = CurrentTruckLocationRepresentation.swift; sourceTree = "<group>"; };
		633524FF23C633E90088B8C9 /* FavoriteTruckRepresentation.swift */ = {isa = PBXFileReference; lastKnownFileType = sourcecode.swift; path = FavoriteTruckRepresentation.swift; sourceTree = "<group>"; };
		6335250123C634420088B8C9 /* TruckRatingRepresentation.swift */ = {isa = PBXFileReference; lastKnownFileType = sourcecode.swift; path = TruckRatingRepresentation.swift; sourceTree = "<group>"; };
		6335250323C6350F0088B8C9 /* MeunItemRepresentation.swift */ = {isa = PBXFileReference; lastKnownFileType = sourcecode.swift; path = MeunItemRepresentation.swift; sourceTree = "<group>"; };
		6335250623C656740088B8C9 /* SearchByGenreViewController.swift */ = {isa = PBXFileReference; lastKnownFileType = sourcecode.swift; path = SearchByGenreViewController.swift; sourceTree = "<group>"; };
		6335250823C65D480088B8C9 /* GenreTableViewCell.swift */ = {isa = PBXFileReference; lastKnownFileType = sourcecode.swift; path = GenreTableViewCell.swift; sourceTree = "<group>"; };
		633771F323C791840025E4AC /* SearchTrucksTableViewController.swift */ = {isa = PBXFileReference; lastKnownFileType = sourcecode.swift; path = SearchTrucksTableViewController.swift; sourceTree = "<group>"; };
		633771F523C797760025E4AC /* SearchTrucksTableViewCell.swift */ = {isa = PBXFileReference; lastKnownFileType = sourcecode.swift; path = SearchTrucksTableViewCell.swift; sourceTree = "<group>"; };
		633771F723C7A0FD0025E4AC /* FavoriteTruck+Convenience.swift */ = {isa = PBXFileReference; lastKnownFileType = sourcecode.swift; name = "FavoriteTruck+Convenience.swift"; path = "FoodTruckTracker/Views/FavoriteTruck+Convenience.swift"; sourceTree = SOURCE_ROOT; };
		633771F923C7A46F0025E4AC /* FavoritesTableViewController.swift */ = {isa = PBXFileReference; lastKnownFileType = sourcecode.swift; path = FavoritesTableViewController.swift; sourceTree = "<group>"; };
		633771FB23C7A7E30025E4AC /* FavoritesTableViewCell.swift */ = {isa = PBXFileReference; lastKnownFileType = sourcecode.swift; path = FavoritesTableViewCell.swift; sourceTree = "<group>"; };
		6375044423C6E1DD00AF94CC /* TruckRepresentation.swift */ = {isa = PBXFileReference; fileEncoding = 4; lastKnownFileType = sourcecode.swift; path = TruckRepresentation.swift; sourceTree = "<group>"; };
		63A3574923C6666C00EBD0ED /* StaticTableViewController.swift */ = {isa = PBXFileReference; lastKnownFileType = sourcecode.swift; path = StaticTableViewController.swift; sourceTree = "<group>"; };
		63A3574B23C6715900EBD0ED /* SplashScreenViewController.swift */ = {isa = PBXFileReference; lastKnownFileType = sourcecode.swift; path = SplashScreenViewController.swift; sourceTree = "<group>"; };
		63A3574D23C6A81600EBD0ED /* RoundedButton.swift */ = {isa = PBXFileReference; lastKnownFileType = sourcecode.swift; path = RoundedButton.swift; sourceTree = "<group>"; };
		DD96B22523C623090080A110 /* Base */ = {isa = PBXFileReference; lastKnownFileType = file.storyboard; name = Base; path = Base.lproj/StartScreen.storyboard; sourceTree = "<group>"; };
		DD96B22723C628C30080A110 /* StartScreenViewController.swift */ = {isa = PBXFileReference; lastKnownFileType = sourcecode.swift; path = StartScreenViewController.swift; sourceTree = "<group>"; };
		DD96B22923C62B430080A110 /* AddTruck.storyboard */ = {isa = PBXFileReference; lastKnownFileType = file.storyboard; path = AddTruck.storyboard; sourceTree = "<group>"; };
		DD96B22B23C64D720080A110 /* AddTruckViewController.swift */ = {isa = PBXFileReference; lastKnownFileType = sourcecode.swift; path = AddTruckViewController.swift; sourceTree = "<group>"; };
		DD96B23023C655580080A110 /* CuisineType.swift */ = {isa = PBXFileReference; lastKnownFileType = sourcecode.swift; path = CuisineType.swift; sourceTree = "<group>"; };
		DD96B23223C6678F0080A110 /* CuisinePickerViewController.swift */ = {isa = PBXFileReference; lastKnownFileType = sourcecode.swift; path = CuisinePickerViewController.swift; sourceTree = "<group>"; };
		DD96B23423C66C940080A110 /* UIColor extension.swift */ = {isa = PBXFileReference; lastKnownFileType = sourcecode.swift; path = "UIColor extension.swift"; sourceTree = "<group>"; };
		DDD5E28623C3CA33005CCD64 /* FoodTruckTracker.app */ = {isa = PBXFileReference; explicitFileType = wrapper.application; includeInIndex = 0; path = FoodTruckTracker.app; sourceTree = BUILT_PRODUCTS_DIR; };
		DDD5E28923C3CA33005CCD64 /* AppDelegate.swift */ = {isa = PBXFileReference; lastKnownFileType = sourcecode.swift; path = AppDelegate.swift; sourceTree = "<group>"; };
		DDD5E28B23C3CA33005CCD64 /* SceneDelegate.swift */ = {isa = PBXFileReference; lastKnownFileType = sourcecode.swift; path = SceneDelegate.swift; sourceTree = "<group>"; };
		DDD5E28D23C3CA33005CCD64 /* RegisterLoginViewController.swift */ = {isa = PBXFileReference; lastKnownFileType = sourcecode.swift; path = RegisterLoginViewController.swift; sourceTree = "<group>"; };
		DDD5E29023C3CA33005CCD64 /* Base */ = {isa = PBXFileReference; lastKnownFileType = file.storyboard; name = Base; path = Base.lproj/Main.storyboard; sourceTree = "<group>"; };
		DDD5E29323C3CA33005CCD64 /* FoodTruckTracker.xcdatamodel */ = {isa = PBXFileReference; lastKnownFileType = wrapper.xcdatamodel; path = FoodTruckTracker.xcdatamodel; sourceTree = "<group>"; };
		DDD5E29523C3CA37005CCD64 /* Assets.xcassets */ = {isa = PBXFileReference; lastKnownFileType = folder.assetcatalog; path = Assets.xcassets; sourceTree = "<group>"; };
		DDD5E29823C3CA37005CCD64 /* Base */ = {isa = PBXFileReference; lastKnownFileType = file.storyboard; name = Base; path = Base.lproj/LaunchScreen.storyboard; sourceTree = "<group>"; };
		DDD5E29A23C3CA37005CCD64 /* Info.plist */ = {isa = PBXFileReference; lastKnownFileType = text.plist.xml; path = Info.plist; sourceTree = "<group>"; };
		DDD5E29F23C3CA38005CCD64 /* FoodTruckTrackerTests.xctest */ = {isa = PBXFileReference; explicitFileType = wrapper.cfbundle; includeInIndex = 0; path = FoodTruckTrackerTests.xctest; sourceTree = BUILT_PRODUCTS_DIR; };
		DDD5E2A323C3CA38005CCD64 /* FoodTruckTrackerTests.swift */ = {isa = PBXFileReference; lastKnownFileType = sourcecode.swift; path = FoodTruckTrackerTests.swift; sourceTree = "<group>"; };
		DDD5E2A523C3CA38005CCD64 /* Info.plist */ = {isa = PBXFileReference; lastKnownFileType = text.plist.xml; path = Info.plist; sourceTree = "<group>"; };
		DDD5E2AA23C3CA38005CCD64 /* FoodTruckTrackerUITests.xctest */ = {isa = PBXFileReference; explicitFileType = wrapper.cfbundle; includeInIndex = 0; path = FoodTruckTrackerUITests.xctest; sourceTree = BUILT_PRODUCTS_DIR; };
		DDD5E2AE23C3CA38005CCD64 /* FoodTruckTrackerUITests.swift */ = {isa = PBXFileReference; lastKnownFileType = sourcecode.swift; path = FoodTruckTrackerUITests.swift; sourceTree = "<group>"; };
		DDD5E2B023C3CA38005CCD64 /* Info.plist */ = {isa = PBXFileReference; lastKnownFileType = text.plist.xml; path = Info.plist; sourceTree = "<group>"; };
		DDD5E2C023C3CF57005CCD64 /* Default-568h@2x.png */ = {isa = PBXFileReference; lastKnownFileType = image.png; path = "Default-568h@2x.png"; sourceTree = "<group>"; };
		DDD5E2C223C3DCA3005CCD64 /* CoreDataStack.swift */ = {isa = PBXFileReference; lastKnownFileType = sourcecode.swift; path = CoreDataStack.swift; sourceTree = "<group>"; };
		DDD5E2C423C3DEE9005CCD64 /* LoginAndSignup.storyboard */ = {isa = PBXFileReference; lastKnownFileType = file.storyboard; path = LoginAndSignup.storyboard; sourceTree = "<group>"; };
		DDD5E2CB23C4BCD7005CCD64 /* VendorRepresentation.swift */ = {isa = PBXFileReference; lastKnownFileType = sourcecode.swift; path = VendorRepresentation.swift; sourceTree = "<group>"; };
		DDD5E2CF23C4BDBA005CCD64 /* ConsumerRepresentation.swift */ = {isa = PBXFileReference; lastKnownFileType = sourcecode.swift; path = ConsumerRepresentation.swift; sourceTree = "<group>"; };
		DDD5E2D223C4F103005CCD64 /* Map.storyboard */ = {isa = PBXFileReference; lastKnownFileType = file.storyboard; path = Map.storyboard; sourceTree = "<group>"; };
		DDD5E2D423C50E5E005CCD64 /* MapViewController.swift */ = {isa = PBXFileReference; lastKnownFileType = sourcecode.swift; path = MapViewController.swift; sourceTree = "<group>"; };
		DDD5E2D723C51342005CCD64 /* VendorController.swift */ = {isa = PBXFileReference; lastKnownFileType = sourcecode.swift; path = VendorController.swift; sourceTree = "<group>"; };
		DDD5E2D923C51515005CCD64 /* ConsumerController.swift */ = {isa = PBXFileReference; lastKnownFileType = sourcecode.swift; path = ConsumerController.swift; sourceTree = "<group>"; };
		DDD5E2DB23C5162B005CCD64 /* TruckController.swift */ = {isa = PBXFileReference; lastKnownFileType = sourcecode.swift; path = TruckController.swift; sourceTree = "<group>"; };
		DDD5E2DE23C51A80005CCD64 /* FoodTruckTableViewCell.swift */ = {isa = PBXFileReference; lastKnownFileType = sourcecode.swift; path = FoodTruckTableViewCell.swift; sourceTree = "<group>"; };
/* End PBXFileReference section */

/* Begin PBXFrameworksBuildPhase section */
		DDD5E28323C3CA33005CCD64 /* Frameworks */ = {
			isa = PBXFrameworksBuildPhase;
			buildActionMask = 2147483647;
			files = (
			);
			runOnlyForDeploymentPostprocessing = 0;
		};
		DDD5E29C23C3CA38005CCD64 /* Frameworks */ = {
			isa = PBXFrameworksBuildPhase;
			buildActionMask = 2147483647;
			files = (
			);
			runOnlyForDeploymentPostprocessing = 0;
		};
		DDD5E2A723C3CA38005CCD64 /* Frameworks */ = {
			isa = PBXFrameworksBuildPhase;
			buildActionMask = 2147483647;
			files = (
			);
			runOnlyForDeploymentPostprocessing = 0;
		};
/* End PBXFrameworksBuildPhase section */

/* Begin PBXGroup section */
		6303240323C4CBAA0041566D /* Networking */ = {
			isa = PBXGroup;
			children = (
				6303240423C4CBBA0041566D /* APIController.swift */,
			);
			path = Networking;
			sourceTree = "<group>";
		};
		63187D7823C52D8900871F74 /* Constants */ = {
			isa = PBXGroup;
			children = (
				63187D7923C52D9400871F74 /* Constants.swift */,
			);
			path = Constants;
			sourceTree = "<group>";
		};
		DD96B22F23C6534F0080A110 /* Helper Files */ = {
			isa = PBXGroup;
			children = (
				DD96B23023C655580080A110 /* CuisineType.swift */,
				DD96B23423C66C940080A110 /* UIColor extension.swift */,
			);
			path = "Helper Files";
			sourceTree = "<group>";
		};
		DDD5E27D23C3CA32005CCD64 = {
			isa = PBXGroup;
			children = (
				DDD5E2C023C3CF57005CCD64 /* Default-568h@2x.png */,
				DDD5E28823C3CA33005CCD64 /* FoodTruckTracker */,
				DDD5E2A223C3CA38005CCD64 /* FoodTruckTrackerTests */,
				DDD5E2AD23C3CA38005CCD64 /* FoodTruckTrackerUITests */,
				DDD5E28723C3CA33005CCD64 /* Products */,
			);
			sourceTree = "<group>";
		};
		DDD5E28723C3CA33005CCD64 /* Products */ = {
			isa = PBXGroup;
			children = (
				DDD5E28623C3CA33005CCD64 /* FoodTruckTracker.app */,
				DDD5E29F23C3CA38005CCD64 /* FoodTruckTrackerTests.xctest */,
				DDD5E2AA23C3CA38005CCD64 /* FoodTruckTrackerUITests.xctest */,
			);
			name = Products;
			sourceTree = "<group>";
		};
		DDD5E28823C3CA33005CCD64 /* FoodTruckTracker */ = {
			isa = PBXGroup;
			children = (
				DD96B22F23C6534F0080A110 /* Helper Files */,
				DDD5E2BD23C3CF09005CCD64 /* Storyboards */,
				DDD5E2BF23C3CF30005CCD64 /* View Controllers */,
				DDD5E2DD23C51A53005CCD64 /* Views */,
				DDD5E2D623C5131E005CCD64 /* Model Controllers */,
				6303240323C4CBAA0041566D /* Networking */,
				DDD5E2D123C4BE06005CCD64 /* Convenience Files */,
				DDD5E2C623C4BBFE005CCD64 /* Models */,
				DDD5E2BC23C3CEF4005CCD64 /* Resources */,
				DDD5E2BE23C3CF1E005CCD64 /* CoreData */,
			);
			path = FoodTruckTracker;
			sourceTree = "<group>";
		};
		DDD5E2A223C3CA38005CCD64 /* FoodTruckTrackerTests */ = {
			isa = PBXGroup;
			children = (
				DDD5E2A323C3CA38005CCD64 /* FoodTruckTrackerTests.swift */,
				DDD5E2A523C3CA38005CCD64 /* Info.plist */,
			);
			path = FoodTruckTrackerTests;
			sourceTree = "<group>";
		};
		DDD5E2AD23C3CA38005CCD64 /* FoodTruckTrackerUITests */ = {
			isa = PBXGroup;
			children = (
				DDD5E2AE23C3CA38005CCD64 /* FoodTruckTrackerUITests.swift */,
				DDD5E2B023C3CA38005CCD64 /* Info.plist */,
			);
			path = FoodTruckTrackerUITests;
			sourceTree = "<group>";
		};
		DDD5E2BC23C3CEF4005CCD64 /* Resources */ = {
			isa = PBXGroup;
			children = (
				63187D7823C52D8900871F74 /* Constants */,
				DDD5E28923C3CA33005CCD64 /* AppDelegate.swift */,
				DDD5E28B23C3CA33005CCD64 /* SceneDelegate.swift */,
				DDD5E29523C3CA37005CCD64 /* Assets.xcassets */,
				DDD5E29A23C3CA37005CCD64 /* Info.plist */,
			);
			path = Resources;
			sourceTree = "<group>";
		};
		DDD5E2BD23C3CF09005CCD64 /* Storyboards */ = {
			isa = PBXGroup;
			children = (
				DDD5E28F23C3CA33005CCD64 /* Main.storyboard */,
				DDD5E29723C3CA37005CCD64 /* LaunchScreen.storyboard */,
				DDD5E2C423C3DEE9005CCD64 /* LoginAndSignup.storyboard */,
				DDD5E2D223C4F103005CCD64 /* Map.storyboard */,
				DD96B22623C623090080A110 /* StartScreen.storyboard */,
				DD96B22923C62B430080A110 /* AddTruck.storyboard */,
				63187D7423C5287F00871F74 /* MyAccountStoryboard.storyboard */,
			);
			path = Storyboards;
			sourceTree = "<group>";
		};
		DDD5E2BE23C3CF1E005CCD64 /* CoreData */ = {
			isa = PBXGroup;
			children = (
				DDD5E29223C3CA33005CCD64 /* FoodTruckTracker.xcdatamodeld */,
				DDD5E2C223C3DCA3005CCD64 /* CoreDataStack.swift */,
			);
			path = CoreData;
			sourceTree = "<group>";
		};
		DDD5E2BF23C3CF30005CCD64 /* View Controllers */ = {
			isa = PBXGroup;
			children = (
				DDD5E28D23C3CA33005CCD64 /* RegisterLoginViewController.swift */,
				DDD5E2D423C50E5E005CCD64 /* MapViewController.swift */,
				DD96B22723C628C30080A110 /* StartScreenViewController.swift */,
				63187D7623C52C6400871F74 /* MyAccountViewController.swift */,
				6335250623C656740088B8C9 /* SearchByGenreViewController.swift */,
				63A3574923C6666C00EBD0ED /* StaticTableViewController.swift */,
				63A3574B23C6715900EBD0ED /* SplashScreenViewController.swift */,
				DD96B22B23C64D720080A110 /* AddTruckViewController.swift */,
				DD96B23223C6678F0080A110 /* CuisinePickerViewController.swift */,
				633771F323C791840025E4AC /* SearchTrucksTableViewController.swift */,
				633771F923C7A46F0025E4AC /* FavoritesTableViewController.swift */,
			);
			path = "View Controllers";
			sourceTree = "<group>";
		};
		DDD5E2C623C4BBFE005CCD64 /* Models */ = {
			isa = PBXGroup;
			children = (
				6375044423C6E1DD00AF94CC /* TruckRepresentation.swift */,
				DDD5E2CB23C4BCD7005CCD64 /* VendorRepresentation.swift */,
				DDD5E2CF23C4BDBA005CCD64 /* ConsumerRepresentation.swift */,
				6303240623C4D4840041566D /* Bearer.swift */,
				633524FD23C633590088B8C9 /* CurrentTruckLocationRepresentation.swift */,
				633524FF23C633E90088B8C9 /* FavoriteTruckRepresentation.swift */,
				6335250123C634420088B8C9 /* TruckRatingRepresentation.swift */,
				6335250323C6350F0088B8C9 /* MeunItemRepresentation.swift */,
			);
			path = Models;
			sourceTree = "<group>";
		};
		DDD5E2D123C4BE06005CCD64 /* Convenience Files */ = {
			isa = PBXGroup;
			children = (
				633771F723C7A0FD0025E4AC /* FavoriteTruck+Convenience.swift */,
			);
			path = "Convenience Files";
			sourceTree = "<group>";
		};
		DDD5E2D623C5131E005CCD64 /* Model Controllers */ = {
			isa = PBXGroup;
			children = (
				DDD5E2D723C51342005CCD64 /* VendorController.swift */,
				DDD5E2D923C51515005CCD64 /* ConsumerController.swift */,
				DDD5E2DB23C5162B005CCD64 /* TruckController.swift */,
			);
			path = "Model Controllers";
			sourceTree = "<group>";
		};
		DDD5E2DD23C51A53005CCD64 /* Views */ = {
			isa = PBXGroup;
			children = (
				DDD5E2DE23C51A80005CCD64 /* FoodTruckTableViewCell.swift */,
				6335250823C65D480088B8C9 /* GenreTableViewCell.swift */,
				63A3574D23C6A81600EBD0ED /* RoundedButton.swift */,
				633771F523C797760025E4AC /* SearchTrucksTableViewCell.swift */,
				633771FB23C7A7E30025E4AC /* FavoritesTableViewCell.swift */,
			);
			path = Views;
			sourceTree = "<group>";
		};
/* End PBXGroup section */

/* Begin PBXNativeTarget section */
		DDD5E28523C3CA33005CCD64 /* FoodTruckTracker */ = {
			isa = PBXNativeTarget;
			buildConfigurationList = DDD5E2B323C3CA38005CCD64 /* Build configuration list for PBXNativeTarget "FoodTruckTracker" */;
			buildPhases = (
				DDD5E28223C3CA33005CCD64 /* Sources */,
				DDD5E28323C3CA33005CCD64 /* Frameworks */,
				DDD5E28423C3CA33005CCD64 /* Resources */,
			);
			buildRules = (
			);
			dependencies = (
			);
			name = FoodTruckTracker;
			productName = FoodTruckTracker;
			productReference = DDD5E28623C3CA33005CCD64 /* FoodTruckTracker.app */;
			productType = "com.apple.product-type.application";
		};
		DDD5E29E23C3CA38005CCD64 /* FoodTruckTrackerTests */ = {
			isa = PBXNativeTarget;
			buildConfigurationList = DDD5E2B623C3CA38005CCD64 /* Build configuration list for PBXNativeTarget "FoodTruckTrackerTests" */;
			buildPhases = (
				DDD5E29B23C3CA38005CCD64 /* Sources */,
				DDD5E29C23C3CA38005CCD64 /* Frameworks */,
				DDD5E29D23C3CA38005CCD64 /* Resources */,
			);
			buildRules = (
			);
			dependencies = (
				DDD5E2A123C3CA38005CCD64 /* PBXTargetDependency */,
			);
			name = FoodTruckTrackerTests;
			productName = FoodTruckTrackerTests;
			productReference = DDD5E29F23C3CA38005CCD64 /* FoodTruckTrackerTests.xctest */;
			productType = "com.apple.product-type.bundle.unit-test";
		};
		DDD5E2A923C3CA38005CCD64 /* FoodTruckTrackerUITests */ = {
			isa = PBXNativeTarget;
			buildConfigurationList = DDD5E2B923C3CA38005CCD64 /* Build configuration list for PBXNativeTarget "FoodTruckTrackerUITests" */;
			buildPhases = (
				DDD5E2A623C3CA38005CCD64 /* Sources */,
				DDD5E2A723C3CA38005CCD64 /* Frameworks */,
				DDD5E2A823C3CA38005CCD64 /* Resources */,
			);
			buildRules = (
			);
			dependencies = (
				DDD5E2AC23C3CA38005CCD64 /* PBXTargetDependency */,
			);
			name = FoodTruckTrackerUITests;
			productName = FoodTruckTrackerUITests;
			productReference = DDD5E2AA23C3CA38005CCD64 /* FoodTruckTrackerUITests.xctest */;
			productType = "com.apple.product-type.bundle.ui-testing";
		};
/* End PBXNativeTarget section */

/* Begin PBXProject section */
		DDD5E27E23C3CA32005CCD64 /* Project object */ = {
			isa = PBXProject;
			attributes = {
				LastSwiftUpdateCheck = 1130;
				LastUpgradeCheck = 1130;
				ORGANIZATIONNAME = "Lamdba School";
				TargetAttributes = {
					DDD5E28523C3CA33005CCD64 = {
						CreatedOnToolsVersion = 11.3;
					};
					DDD5E29E23C3CA38005CCD64 = {
						CreatedOnToolsVersion = 11.3;
						TestTargetID = DDD5E28523C3CA33005CCD64;
					};
					DDD5E2A923C3CA38005CCD64 = {
						CreatedOnToolsVersion = 11.3;
						TestTargetID = DDD5E28523C3CA33005CCD64;
					};
				};
			};
			buildConfigurationList = DDD5E28123C3CA32005CCD64 /* Build configuration list for PBXProject "FoodTruckTracker" */;
			compatibilityVersion = "Xcode 9.3";
			developmentRegion = en;
			hasScannedForEncodings = 0;
			knownRegions = (
				en,
				Base,
			);
			mainGroup = DDD5E27D23C3CA32005CCD64;
			productRefGroup = DDD5E28723C3CA33005CCD64 /* Products */;
			projectDirPath = "";
			projectRoot = "";
			targets = (
				DDD5E28523C3CA33005CCD64 /* FoodTruckTracker */,
				DDD5E29E23C3CA38005CCD64 /* FoodTruckTrackerTests */,
				DDD5E2A923C3CA38005CCD64 /* FoodTruckTrackerUITests */,
			);
		};
/* End PBXProject section */

/* Begin PBXResourcesBuildPhase section */
		DDD5E28423C3CA33005CCD64 /* Resources */ = {
			isa = PBXResourcesBuildPhase;
			buildActionMask = 2147483647;
			files = (
				DDD5E29923C3CA37005CCD64 /* LaunchScreen.storyboard in Resources */,
				DDD5E2C523C3DEE9005CCD64 /* LoginAndSignup.storyboard in Resources */,
				DDD5E2C123C3CF57005CCD64 /* Default-568h@2x.png in Resources */,
				DDD5E29623C3CA37005CCD64 /* Assets.xcassets in Resources */,
				DD96B22A23C62B430080A110 /* AddTruck.storyboard in Resources */,
				DD96B22423C623090080A110 /* StartScreen.storyboard in Resources */,
				DDD5E29123C3CA33005CCD64 /* Main.storyboard in Resources */,
				DDD5E2D323C4F103005CCD64 /* Map.storyboard in Resources */,
				63187D7523C5287F00871F74 /* MyAccountStoryboard.storyboard in Resources */,
			);
			runOnlyForDeploymentPostprocessing = 0;
		};
		DDD5E29D23C3CA38005CCD64 /* Resources */ = {
			isa = PBXResourcesBuildPhase;
			buildActionMask = 2147483647;
			files = (
			);
			runOnlyForDeploymentPostprocessing = 0;
		};
		DDD5E2A823C3CA38005CCD64 /* Resources */ = {
			isa = PBXResourcesBuildPhase;
			buildActionMask = 2147483647;
			files = (
			);
			runOnlyForDeploymentPostprocessing = 0;
		};
/* End PBXResourcesBuildPhase section */

/* Begin PBXSourcesBuildPhase section */
		DDD5E28223C3CA33005CCD64 /* Sources */ = {
			isa = PBXSourcesBuildPhase;
			buildActionMask = 2147483647;
			files = (
				6335250523C64DF80088B8C9 /* RegisterLoginViewController.swift in Sources */,
				633771FC23C7A7E30025E4AC /* FavoritesTableViewCell.swift in Sources */,
				6335250723C656740088B8C9 /* SearchByGenreViewController.swift in Sources */,
				6335250023C633E90088B8C9 /* FavoriteTruckRepresentation.swift in Sources */,
				6303240523C4CBBA0041566D /* APIController.swift in Sources */,
				DDD5E2DA23C51515005CCD64 /* ConsumerController.swift in Sources */,
				DDD5E2D823C51342005CCD64 /* VendorController.swift in Sources */,
				DD96B23623C66D150080A110 /* AddTruckViewController.swift in Sources */,
				DD96B22823C628C30080A110 /* StartScreenViewController.swift in Sources */,
				DD96B23123C655580080A110 /* CuisineType.swift in Sources */,
				DDD5E2D023C4BDBB005CCD64 /* ConsumerRepresentation.swift in Sources */,
				DDD5E2C323C3DCA3005CCD64 /* CoreDataStack.swift in Sources */,
				DD51D2D023C54F2F0009C91E /* FoodTruckTableViewCell.swift in Sources */,
				DDD5E28A23C3CA33005CCD64 /* AppDelegate.swift in Sources */,
				6335250223C634420088B8C9 /* TruckRatingRepresentation.swift in Sources */,
				6375044523C6E1DD00AF94CC /* TruckRepresentation.swift in Sources */,
				633524FE23C633590088B8C9 /* CurrentTruckLocationRepresentation.swift in Sources */,
				633771F623C797760025E4AC /* SearchTrucksTableViewCell.swift in Sources */,
				DDD5E2D523C50E5E005CCD64 /* MapViewController.swift in Sources */,
				DDD5E29423C3CA33005CCD64 /* FoodTruckTracker.xcdatamodeld in Sources */,
				6303240723C4D4840041566D /* Bearer.swift in Sources */,
				6335250423C6350F0088B8C9 /* MeunItemRepresentation.swift in Sources */,
				63A3574A23C6666C00EBD0ED /* StaticTableViewController.swift in Sources */,
				63A3574C23C6715900EBD0ED /* SplashScreenViewController.swift in Sources */,
				DDD5E2DC23C5162B005CCD64 /* TruckController.swift in Sources */,
				DD96B23523C66C940080A110 /* UIColor extension.swift in Sources */,
				DD96B23323C6678F0080A110 /* CuisinePickerViewController.swift in Sources */,
				633771F423C791840025E4AC /* SearchTrucksTableViewController.swift in Sources */,
				63A3574E23C6A81600EBD0ED /* RoundedButton.swift in Sources */,
				DDD5E2CC23C4BCD7005CCD64 /* VendorRepresentation.swift in Sources */,
				63187D7723C52C6400871F74 /* MyAccountViewController.swift in Sources */,
				DDD5E28C23C3CA33005CCD64 /* SceneDelegate.swift in Sources */,
				63187D7A23C52D9400871F74 /* Constants.swift in Sources */,
				6335250923C65D480088B8C9 /* GenreTableViewCell.swift in Sources */,
				633771FA23C7A46F0025E4AC /* FavoritesTableViewController.swift in Sources */,
				633771F823C7A0FD0025E4AC /* FavoriteTruck+Convenience.swift in Sources */,
			);
			runOnlyForDeploymentPostprocessing = 0;
		};
		DDD5E29B23C3CA38005CCD64 /* Sources */ = {
			isa = PBXSourcesBuildPhase;
			buildActionMask = 2147483647;
			files = (
				DDD5E2A423C3CA38005CCD64 /* FoodTruckTrackerTests.swift in Sources */,
			);
			runOnlyForDeploymentPostprocessing = 0;
		};
		DDD5E2A623C3CA38005CCD64 /* Sources */ = {
			isa = PBXSourcesBuildPhase;
			buildActionMask = 2147483647;
			files = (
				DDD5E2AF23C3CA38005CCD64 /* FoodTruckTrackerUITests.swift in Sources */,
			);
			runOnlyForDeploymentPostprocessing = 0;
		};
/* End PBXSourcesBuildPhase section */

/* Begin PBXTargetDependency section */
		DDD5E2A123C3CA38005CCD64 /* PBXTargetDependency */ = {
			isa = PBXTargetDependency;
			target = DDD5E28523C3CA33005CCD64 /* FoodTruckTracker */;
			targetProxy = DDD5E2A023C3CA38005CCD64 /* PBXContainerItemProxy */;
		};
		DDD5E2AC23C3CA38005CCD64 /* PBXTargetDependency */ = {
			isa = PBXTargetDependency;
			target = DDD5E28523C3CA33005CCD64 /* FoodTruckTracker */;
			targetProxy = DDD5E2AB23C3CA38005CCD64 /* PBXContainerItemProxy */;
		};
/* End PBXTargetDependency section */

/* Begin PBXVariantGroup section */
		DD96B22623C623090080A110 /* StartScreen.storyboard */ = {
			isa = PBXVariantGroup;
			children = (
				DD96B22523C623090080A110 /* Base */,
			);
			name = StartScreen.storyboard;
			sourceTree = "<group>";
		};
		DDD5E28F23C3CA33005CCD64 /* Main.storyboard */ = {
			isa = PBXVariantGroup;
			children = (
				DDD5E29023C3CA33005CCD64 /* Base */,
			);
			name = Main.storyboard;
			sourceTree = "<group>";
		};
		DDD5E29723C3CA37005CCD64 /* LaunchScreen.storyboard */ = {
			isa = PBXVariantGroup;
			children = (
				DDD5E29823C3CA37005CCD64 /* Base */,
			);
			name = LaunchScreen.storyboard;
			sourceTree = "<group>";
		};
/* End PBXVariantGroup section */

/* Begin XCBuildConfiguration section */
		DDD5E2B123C3CA38005CCD64 /* Debug */ = {
			isa = XCBuildConfiguration;
			buildSettings = {
				ALWAYS_SEARCH_USER_PATHS = NO;
				CLANG_ANALYZER_NONNULL = YES;
				CLANG_ANALYZER_NUMBER_OBJECT_CONVERSION = YES_AGGRESSIVE;
				CLANG_CXX_LANGUAGE_STANDARD = "gnu++14";
				CLANG_CXX_LIBRARY = "libc++";
				CLANG_ENABLE_MODULES = YES;
				CLANG_ENABLE_OBJC_ARC = YES;
				CLANG_ENABLE_OBJC_WEAK = YES;
				CLANG_WARN_BLOCK_CAPTURE_AUTORELEASING = YES;
				CLANG_WARN_BOOL_CONVERSION = YES;
				CLANG_WARN_COMMA = YES;
				CLANG_WARN_CONSTANT_CONVERSION = YES;
				CLANG_WARN_DEPRECATED_OBJC_IMPLEMENTATIONS = YES;
				CLANG_WARN_DIRECT_OBJC_ISA_USAGE = YES_ERROR;
				CLANG_WARN_DOCUMENTATION_COMMENTS = YES;
				CLANG_WARN_EMPTY_BODY = YES;
				CLANG_WARN_ENUM_CONVERSION = YES;
				CLANG_WARN_INFINITE_RECURSION = YES;
				CLANG_WARN_INT_CONVERSION = YES;
				CLANG_WARN_NON_LITERAL_NULL_CONVERSION = YES;
				CLANG_WARN_OBJC_IMPLICIT_RETAIN_SELF = YES;
				CLANG_WARN_OBJC_LITERAL_CONVERSION = YES;
				CLANG_WARN_OBJC_ROOT_CLASS = YES_ERROR;
				CLANG_WARN_RANGE_LOOP_ANALYSIS = YES;
				CLANG_WARN_STRICT_PROTOTYPES = YES;
				CLANG_WARN_SUSPICIOUS_MOVE = YES;
				CLANG_WARN_UNGUARDED_AVAILABILITY = YES_AGGRESSIVE;
				CLANG_WARN_UNREACHABLE_CODE = YES;
				CLANG_WARN__DUPLICATE_METHOD_MATCH = YES;
				COPY_PHASE_STRIP = NO;
				DEBUG_INFORMATION_FORMAT = dwarf;
				ENABLE_STRICT_OBJC_MSGSEND = YES;
				ENABLE_TESTABILITY = YES;
				GCC_C_LANGUAGE_STANDARD = gnu11;
				GCC_DYNAMIC_NO_PIC = NO;
				GCC_NO_COMMON_BLOCKS = YES;
				GCC_OPTIMIZATION_LEVEL = 0;
				GCC_PREPROCESSOR_DEFINITIONS = (
					"DEBUG=1",
					"$(inherited)",
				);
				GCC_WARN_64_TO_32_BIT_CONVERSION = YES;
				GCC_WARN_ABOUT_RETURN_TYPE = YES_ERROR;
				GCC_WARN_UNDECLARED_SELECTOR = YES;
				GCC_WARN_UNINITIALIZED_AUTOS = YES_AGGRESSIVE;
				GCC_WARN_UNUSED_FUNCTION = YES;
				GCC_WARN_UNUSED_VARIABLE = YES;
				IPHONEOS_DEPLOYMENT_TARGET = 13.2;
				MTL_ENABLE_DEBUG_INFO = INCLUDE_SOURCE;
				MTL_FAST_MATH = YES;
				ONLY_ACTIVE_ARCH = YES;
				SDKROOT = iphoneos;
				SWIFT_ACTIVE_COMPILATION_CONDITIONS = DEBUG;
				SWIFT_OPTIMIZATION_LEVEL = "-Onone";
			};
			name = Debug;
		};
		DDD5E2B223C3CA38005CCD64 /* Release */ = {
			isa = XCBuildConfiguration;
			buildSettings = {
				ALWAYS_SEARCH_USER_PATHS = NO;
				CLANG_ANALYZER_NONNULL = YES;
				CLANG_ANALYZER_NUMBER_OBJECT_CONVERSION = YES_AGGRESSIVE;
				CLANG_CXX_LANGUAGE_STANDARD = "gnu++14";
				CLANG_CXX_LIBRARY = "libc++";
				CLANG_ENABLE_MODULES = YES;
				CLANG_ENABLE_OBJC_ARC = YES;
				CLANG_ENABLE_OBJC_WEAK = YES;
				CLANG_WARN_BLOCK_CAPTURE_AUTORELEASING = YES;
				CLANG_WARN_BOOL_CONVERSION = YES;
				CLANG_WARN_COMMA = YES;
				CLANG_WARN_CONSTANT_CONVERSION = YES;
				CLANG_WARN_DEPRECATED_OBJC_IMPLEMENTATIONS = YES;
				CLANG_WARN_DIRECT_OBJC_ISA_USAGE = YES_ERROR;
				CLANG_WARN_DOCUMENTATION_COMMENTS = YES;
				CLANG_WARN_EMPTY_BODY = YES;
				CLANG_WARN_ENUM_CONVERSION = YES;
				CLANG_WARN_INFINITE_RECURSION = YES;
				CLANG_WARN_INT_CONVERSION = YES;
				CLANG_WARN_NON_LITERAL_NULL_CONVERSION = YES;
				CLANG_WARN_OBJC_IMPLICIT_RETAIN_SELF = YES;
				CLANG_WARN_OBJC_LITERAL_CONVERSION = YES;
				CLANG_WARN_OBJC_ROOT_CLASS = YES_ERROR;
				CLANG_WARN_RANGE_LOOP_ANALYSIS = YES;
				CLANG_WARN_STRICT_PROTOTYPES = YES;
				CLANG_WARN_SUSPICIOUS_MOVE = YES;
				CLANG_WARN_UNGUARDED_AVAILABILITY = YES_AGGRESSIVE;
				CLANG_WARN_UNREACHABLE_CODE = YES;
				CLANG_WARN__DUPLICATE_METHOD_MATCH = YES;
				COPY_PHASE_STRIP = NO;
				DEBUG_INFORMATION_FORMAT = "dwarf-with-dsym";
				ENABLE_NS_ASSERTIONS = NO;
				ENABLE_STRICT_OBJC_MSGSEND = YES;
				GCC_C_LANGUAGE_STANDARD = gnu11;
				GCC_NO_COMMON_BLOCKS = YES;
				GCC_WARN_64_TO_32_BIT_CONVERSION = YES;
				GCC_WARN_ABOUT_RETURN_TYPE = YES_ERROR;
				GCC_WARN_UNDECLARED_SELECTOR = YES;
				GCC_WARN_UNINITIALIZED_AUTOS = YES_AGGRESSIVE;
				GCC_WARN_UNUSED_FUNCTION = YES;
				GCC_WARN_UNUSED_VARIABLE = YES;
				IPHONEOS_DEPLOYMENT_TARGET = 13.2;
				MTL_ENABLE_DEBUG_INFO = NO;
				MTL_FAST_MATH = YES;
				SDKROOT = iphoneos;
				SWIFT_COMPILATION_MODE = wholemodule;
				SWIFT_OPTIMIZATION_LEVEL = "-O";
				VALIDATE_PRODUCT = YES;
			};
			name = Release;
		};
		DDD5E2B423C3CA38005CCD64 /* Debug */ = {
			isa = XCBuildConfiguration;
			buildSettings = {
				ASSETCATALOG_COMPILER_APPICON_NAME = AppIcon;
				CODE_SIGN_STYLE = Automatic;
				CURRENT_PROJECT_VERSION = 2;
				DEVELOPMENT_TEAM = VXUQXR6S56;
				INFOPLIST_FILE = FoodTruckTracker/Resources/Info.plist;
				LD_RUNPATH_SEARCH_PATHS = (
					"$(inherited)",
					"@executable_path/Frameworks",
				);
				PRODUCT_BUNDLE_IDENTIFIER = com.lambdaSchool.FoodTruckTracker;
				PRODUCT_NAME = "$(TARGET_NAME)";
				SWIFT_VERSION = 5.0;
				TARGETED_DEVICE_FAMILY = "1,2";
			};
			name = Debug;
		};
		DDD5E2B523C3CA38005CCD64 /* Release */ = {
			isa = XCBuildConfiguration;
			buildSettings = {
				ASSETCATALOG_COMPILER_APPICON_NAME = AppIcon;
				CODE_SIGN_STYLE = Automatic;
				CURRENT_PROJECT_VERSION = 2;
				DEVELOPMENT_TEAM = VXUQXR6S56;
				INFOPLIST_FILE = FoodTruckTracker/Resources/Info.plist;
				LD_RUNPATH_SEARCH_PATHS = (
					"$(inherited)",
					"@executable_path/Frameworks",
				);
				PRODUCT_BUNDLE_IDENTIFIER = com.lambdaSchool.FoodTruckTracker;
				PRODUCT_NAME = "$(TARGET_NAME)";
				SWIFT_VERSION = 5.0;
				TARGETED_DEVICE_FAMILY = "1,2";
			};
			name = Release;
		};
		DDD5E2B723C3CA38005CCD64 /* Debug */ = {
			isa = XCBuildConfiguration;
			buildSettings = {
				ALWAYS_EMBED_SWIFT_STANDARD_LIBRARIES = YES;
				BUNDLE_LOADER = "$(TEST_HOST)";
				CODE_SIGN_STYLE = Automatic;
				DEVELOPMENT_TEAM = T87Y8KB3R4;
				INFOPLIST_FILE = FoodTruckTrackerTests/Info.plist;
				IPHONEOS_DEPLOYMENT_TARGET = 13.2;
				LD_RUNPATH_SEARCH_PATHS = (
					"$(inherited)",
					"@executable_path/Frameworks",
					"@loader_path/Frameworks",
				);
				PRODUCT_BUNDLE_IDENTIFIER = com.percyNgan.FoodTruckTrackerTests;
				PRODUCT_NAME = "$(TARGET_NAME)";
				SWIFT_VERSION = 5.0;
				TARGETED_DEVICE_FAMILY = "1,2";
				TEST_HOST = "$(BUILT_PRODUCTS_DIR)/FoodTruckTracker.app/FoodTruckTracker";
			};
			name = Debug;
		};
		DDD5E2B823C3CA38005CCD64 /* Release */ = {
			isa = XCBuildConfiguration;
			buildSettings = {
				ALWAYS_EMBED_SWIFT_STANDARD_LIBRARIES = YES;
				BUNDLE_LOADER = "$(TEST_HOST)";
				CODE_SIGN_STYLE = Automatic;
				DEVELOPMENT_TEAM = T87Y8KB3R4;
				INFOPLIST_FILE = FoodTruckTrackerTests/Info.plist;
				IPHONEOS_DEPLOYMENT_TARGET = 13.2;
				LD_RUNPATH_SEARCH_PATHS = (
					"$(inherited)",
					"@executable_path/Frameworks",
					"@loader_path/Frameworks",
				);
				PRODUCT_BUNDLE_IDENTIFIER = com.percyNgan.FoodTruckTrackerTests;
				PRODUCT_NAME = "$(TARGET_NAME)";
				SWIFT_VERSION = 5.0;
				TARGETED_DEVICE_FAMILY = "1,2";
				TEST_HOST = "$(BUILT_PRODUCTS_DIR)/FoodTruckTracker.app/FoodTruckTracker";
			};
			name = Release;
		};
		DDD5E2BA23C3CA38005CCD64 /* Debug */ = {
			isa = XCBuildConfiguration;
			buildSettings = {
				ALWAYS_EMBED_SWIFT_STANDARD_LIBRARIES = YES;
				CODE_SIGN_STYLE = Automatic;
				DEVELOPMENT_TEAM = T87Y8KB3R4;
				INFOPLIST_FILE = FoodTruckTrackerUITests/Info.plist;
				LD_RUNPATH_SEARCH_PATHS = (
					"$(inherited)",
					"@executable_path/Frameworks",
					"@loader_path/Frameworks",
				);
				PRODUCT_BUNDLE_IDENTIFIER = com.percyNgan.FoodTruckTrackerUITests;
				PRODUCT_NAME = "$(TARGET_NAME)";
				SWIFT_VERSION = 5.0;
				TARGETED_DEVICE_FAMILY = "1,2";
				TEST_TARGET_NAME = FoodTruckTracker;
			};
			name = Debug;
		};
		DDD5E2BB23C3CA38005CCD64 /* Release */ = {
			isa = XCBuildConfiguration;
			buildSettings = {
				ALWAYS_EMBED_SWIFT_STANDARD_LIBRARIES = YES;
				CODE_SIGN_STYLE = Automatic;
				DEVELOPMENT_TEAM = T87Y8KB3R4;
				INFOPLIST_FILE = FoodTruckTrackerUITests/Info.plist;
				LD_RUNPATH_SEARCH_PATHS = (
					"$(inherited)",
					"@executable_path/Frameworks",
					"@loader_path/Frameworks",
				);
				PRODUCT_BUNDLE_IDENTIFIER = com.percyNgan.FoodTruckTrackerUITests;
				PRODUCT_NAME = "$(TARGET_NAME)";
				SWIFT_VERSION = 5.0;
				TARGETED_DEVICE_FAMILY = "1,2";
				TEST_TARGET_NAME = FoodTruckTracker;
			};
			name = Release;
		};
/* End XCBuildConfiguration section */

/* Begin XCConfigurationList section */
		DDD5E28123C3CA32005CCD64 /* Build configuration list for PBXProject "FoodTruckTracker" */ = {
			isa = XCConfigurationList;
			buildConfigurations = (
				DDD5E2B123C3CA38005CCD64 /* Debug */,
				DDD5E2B223C3CA38005CCD64 /* Release */,
			);
			defaultConfigurationIsVisible = 0;
			defaultConfigurationName = Release;
		};
		DDD5E2B323C3CA38005CCD64 /* Build configuration list for PBXNativeTarget "FoodTruckTracker" */ = {
			isa = XCConfigurationList;
			buildConfigurations = (
				DDD5E2B423C3CA38005CCD64 /* Debug */,
				DDD5E2B523C3CA38005CCD64 /* Release */,
			);
			defaultConfigurationIsVisible = 0;
			defaultConfigurationName = Release;
		};
		DDD5E2B623C3CA38005CCD64 /* Build configuration list for PBXNativeTarget "FoodTruckTrackerTests" */ = {
			isa = XCConfigurationList;
			buildConfigurations = (
				DDD5E2B723C3CA38005CCD64 /* Debug */,
				DDD5E2B823C3CA38005CCD64 /* Release */,
			);
			defaultConfigurationIsVisible = 0;
			defaultConfigurationName = Release;
		};
		DDD5E2B923C3CA38005CCD64 /* Build configuration list for PBXNativeTarget "FoodTruckTrackerUITests" */ = {
			isa = XCConfigurationList;
			buildConfigurations = (
				DDD5E2BA23C3CA38005CCD64 /* Debug */,
				DDD5E2BB23C3CA38005CCD64 /* Release */,
			);
			defaultConfigurationIsVisible = 0;
			defaultConfigurationName = Release;
		};
/* End XCConfigurationList section */

/* Begin XCVersionGroup section */
		DDD5E29223C3CA33005CCD64 /* FoodTruckTracker.xcdatamodeld */ = {
			isa = XCVersionGroup;
			children = (
				DDD5E29323C3CA33005CCD64 /* FoodTruckTracker.xcdatamodel */,
			);
			currentVersion = DDD5E29323C3CA33005CCD64 /* FoodTruckTracker.xcdatamodel */;
			path = FoodTruckTracker.xcdatamodeld;
			sourceTree = "<group>";
			versionGroupType = wrapper.xcdatamodel;
		};
/* End XCVersionGroup section */
	};
	rootObject = DDD5E27E23C3CA32005CCD64 /* Project object */;
}
